// !$*UTF8*$!
{
	archiveVersion = 1;
	classes = {
	};
	objectVersion = 56;
	objects = {

/* Begin PBXBuildFile section */
		8A23B13A2C57BF4400155D9A /* CanvasBlogDemoApp.swift in Sources */ = {isa = PBXBuildFile; fileRef = 8A23B1392C57BF4400155D9A /* CanvasBlogDemoApp.swift */; };
		8A23B13C2C57BF4400155D9A /* ContentView.swift in Sources */ = {isa = PBXBuildFile; fileRef = 8A23B13B2C57BF4400155D9A /* ContentView.swift */; };
		8A23B13E2C57BF4500155D9A /* Assets.xcassets in Resources */ = {isa = PBXBuildFile; fileRef = 8A23B13D2C57BF4500155D9A /* Assets.xcassets */; };
		8A23B1412C57BF4500155D9A /* Preview Assets.xcassets in Resources */ = {isa = PBXBuildFile; fileRef = 8A23B1402C57BF4500155D9A /* Preview Assets.xcassets */; };
		8A23B14B2C57BF4600155D9A /* CanvasBlogDemoTests.swift in Sources */ = {isa = PBXBuildFile; fileRef = 8A23B14A2C57BF4600155D9A /* CanvasBlogDemoTests.swift */; };
		8A23B1552C57BF4600155D9A /* CanvasBlogDemoUITests.swift in Sources */ = {isa = PBXBuildFile; fileRef = 8A23B1542C57BF4600155D9A /* CanvasBlogDemoUITests.swift */; };
		8A23B1572C57BF4600155D9A /* CanvasBlogDemoUITestsLaunchTests.swift in Sources */ = {isa = PBXBuildFile; fileRef = 8A23B1562C57BF4600155D9A /* CanvasBlogDemoUITestsLaunchTests.swift */; };
/* End PBXBuildFile section */

/* Begin PBXContainerItemProxy section */
		8A23B1472C57BF4600155D9A /* PBXContainerItemProxy */ = {
			isa = PBXContainerItemProxy;
			containerPortal = 8A23B12E2C57BF4400155D9A /* Project object */;
			proxyType = 1;
			remoteGlobalIDString = 8A23B1352C57BF4400155D9A;
			remoteInfo = CanvasBlogDemo;
		};
		8A23B1512C57BF4600155D9A /* PBXContainerItemProxy */ = {
			isa = PBXContainerItemProxy;
			containerPortal = 8A23B12E2C57BF4400155D9A /* Project object */;
			proxyType = 1;
			remoteGlobalIDString = 8A23B1352C57BF4400155D9A;
			remoteInfo = CanvasBlogDemo;
		};
/* End PBXContainerItemProxy section */

/* Begin PBXFileReference section */
		8A23B1362C57BF4400155D9A /* CanvasBlogDemo.app */ = {isa = PBXFileReference; explicitFileType = wrapper.application; includeInIndex = 0; path = CanvasBlogDemo.app; sourceTree = BUILT_PRODUCTS_DIR; };
		8A23B1392C57BF4400155D9A /* CanvasBlogDemoApp.swift */ = {isa = PBXFileReference; lastKnownFileType = sourcecode.swift; path = CanvasBlogDemoApp.swift; sourceTree = "<group>"; };
		8A23B13B2C57BF4400155D9A /* ContentView.swift */ = {isa = PBXFileReference; lastKnownFileType = sourcecode.swift; path = ContentView.swift; sourceTree = "<group>"; };
		8A23B13D2C57BF4500155D9A /* Assets.xcassets */ = {isa = PBXFileReference; lastKnownFileType = folder.assetcatalog; path = Assets.xcassets; sourceTree = "<group>"; };
		8A23B1402C57BF4500155D9A /* Preview Assets.xcassets */ = {isa = PBXFileReference; lastKnownFileType = folder.assetcatalog; path = "Preview Assets.xcassets"; sourceTree = "<group>"; };
		8A23B1462C57BF4600155D9A /* CanvasBlogDemoTests.xctest */ = {isa = PBXFileReference; explicitFileType = wrapper.cfbundle; includeInIndex = 0; path = CanvasBlogDemoTests.xctest; sourceTree = BUILT_PRODUCTS_DIR; };
		8A23B14A2C57BF4600155D9A /* CanvasBlogDemoTests.swift */ = {isa = PBXFileReference; lastKnownFileType = sourcecode.swift; path = CanvasBlogDemoTests.swift; sourceTree = "<group>"; };
		8A23B1502C57BF4600155D9A /* CanvasBlogDemoUITests.xctest */ = {isa = PBXFileReference; explicitFileType = wrapper.cfbundle; includeInIndex = 0; path = CanvasBlogDemoUITests.xctest; sourceTree = BUILT_PRODUCTS_DIR; };
		8A23B1542C57BF4600155D9A /* CanvasBlogDemoUITests.swift */ = {isa = PBXFileReference; lastKnownFileType = sourcecode.swift; path = CanvasBlogDemoUITests.swift; sourceTree = "<group>"; };
		8A23B1562C57BF4600155D9A /* CanvasBlogDemoUITestsLaunchTests.swift */ = {isa = PBXFileReference; lastKnownFileType = sourcecode.swift; path = CanvasBlogDemoUITestsLaunchTests.swift; sourceTree = "<group>"; };
/* End PBXFileReference section */

/* Begin PBXFrameworksBuildPhase section */
		8A23B1332C57BF4400155D9A /* Frameworks */ = {
			isa = PBXFrameworksBuildPhase;
			buildActionMask = 2147483647;
			files = (
			);
			runOnlyForDeploymentPostprocessing = 0;
		};
		8A23B1432C57BF4600155D9A /* Frameworks */ = {
			isa = PBXFrameworksBuildPhase;
			buildActionMask = 2147483647;
			files = (
			);
			runOnlyForDeploymentPostprocessing = 0;
		};
		8A23B14D2C57BF4600155D9A /* Frameworks */ = {
			isa = PBXFrameworksBuildPhase;
			buildActionMask = 2147483647;
			files = (
			);
			runOnlyForDeploymentPostprocessing = 0;
		};
/* End PBXFrameworksBuildPhase section */

/* Begin PBXGroup section */
		8A23B12D2C57BF4400155D9A = {
			isa = PBXGroup;
			children = (
				8A23B1382C57BF4400155D9A /* CanvasBlogDemo */,
				8A23B1492C57BF4600155D9A /* CanvasBlogDemoTests */,
				8A23B1532C57BF4600155D9A /* CanvasBlogDemoUITests */,
				8A23B1372C57BF4400155D9A /* Products */,
			);
			sourceTree = "<group>";
		};
		8A23B1372C57BF4400155D9A /* Products */ = {
			isa = PBXGroup;
			children = (
				8A23B1362C57BF4400155D9A /* CanvasBlogDemo.app */,
				8A23B1462C57BF4600155D9A /* CanvasBlogDemoTests.xctest */,
				8A23B1502C57BF4600155D9A /* CanvasBlogDemoUITests.xctest */,
			);
			name = Products;
			sourceTree = "<group>";
		};
		8A23B1382C57BF4400155D9A /* CanvasBlogDemo */ = {
			isa = PBXGroup;
			children = (
				8A23B1392C57BF4400155D9A /* CanvasBlogDemoApp.swift */,
				8A23B13B2C57BF4400155D9A /* ContentView.swift */,
				8A23B13D2C57BF4500155D9A /* Assets.xcassets */,
				8A23B13F2C57BF4500155D9A /* Preview Content */,
			);
			path = CanvasBlogDemo;
			sourceTree = "<group>";
		};
		8A23B13F2C57BF4500155D9A /* Preview Content */ = {
			isa = PBXGroup;
			children = (
				8A23B1402C57BF4500155D9A /* Preview Assets.xcassets */,
			);
			path = "Preview Content";
			sourceTree = "<group>";
		};
		8A23B1492C57BF4600155D9A /* CanvasBlogDemoTests */ = {
			isa = PBXGroup;
			children = (
				8A23B14A2C57BF4600155D9A /* CanvasBlogDemoTests.swift */,
			);
			path = CanvasBlogDemoTests;
			sourceTree = "<group>";
		};
		8A23B1532C57BF4600155D9A /* CanvasBlogDemoUITests */ = {
			isa = PBXGroup;
			children = (
				8A23B1542C57BF4600155D9A /* CanvasBlogDemoUITests.swift */,
				8A23B1562C57BF4600155D9A /* CanvasBlogDemoUITestsLaunchTests.swift */,
			);
			path = CanvasBlogDemoUITests;
			sourceTree = "<group>";
		};
/* End PBXGroup section */

/* Begin PBXNativeTarget section */
		8A23B1352C57BF4400155D9A /* CanvasBlogDemo */ = {
			isa = PBXNativeTarget;
			buildConfigurationList = 8A23B15A2C57BF4600155D9A /* Build configuration list for PBXNativeTarget "CanvasBlogDemo" */;
			buildPhases = (
				8A23B1322C57BF4400155D9A /* Sources */,
				8A23B1332C57BF4400155D9A /* Frameworks */,
				8A23B1342C57BF4400155D9A /* Resources */,
			);
			buildRules = (
			);
			dependencies = (
			);
			name = CanvasBlogDemo;
			productName = CanvasBlogDemo;
			productReference = 8A23B1362C57BF4400155D9A /* CanvasBlogDemo.app */;
			productType = "com.apple.product-type.application";
		};
		8A23B1452C57BF4600155D9A /* CanvasBlogDemoTests */ = {
			isa = PBXNativeTarget;
			buildConfigurationList = 8A23B15D2C57BF4600155D9A /* Build configuration list for PBXNativeTarget "CanvasBlogDemoTests" */;
			buildPhases = (
				8A23B1422C57BF4600155D9A /* Sources */,
				8A23B1432C57BF4600155D9A /* Frameworks */,
				8A23B1442C57BF4600155D9A /* Resources */,
			);
			buildRules = (
			);
			dependencies = (
				8A23B1482C57BF4600155D9A /* PBXTargetDependency */,
			);
			name = CanvasBlogDemoTests;
			productName = CanvasBlogDemoTests;
			productReference = 8A23B1462C57BF4600155D9A /* CanvasBlogDemoTests.xctest */;
			productType = "com.apple.product-type.bundle.unit-test";
		};
		8A23B14F2C57BF4600155D9A /* CanvasBlogDemoUITests */ = {
			isa = PBXNativeTarget;
			buildConfigurationList = 8A23B1602C57BF4600155D9A /* Build configuration list for PBXNativeTarget "CanvasBlogDemoUITests" */;
			buildPhases = (
				8A23B14C2C57BF4600155D9A /* Sources */,
				8A23B14D2C57BF4600155D9A /* Frameworks */,
				8A23B14E2C57BF4600155D9A /* Resources */,
			);
			buildRules = (
			);
			dependencies = (
				8A23B1522C57BF4600155D9A /* PBXTargetDependency */,
			);
			name = CanvasBlogDemoUITests;
			productName = CanvasBlogDemoUITests;
			productReference = 8A23B1502C57BF4600155D9A /* CanvasBlogDemoUITests.xctest */;
			productType = "com.apple.product-type.bundle.ui-testing";
		};
/* End PBXNativeTarget section */

/* Begin PBXProject section */
		8A23B12E2C57BF4400155D9A /* Project object */ = {
			isa = PBXProject;
			attributes = {
				BuildIndependentTargetsInParallel = 1;
				LastSwiftUpdateCheck = 1500;
				LastUpgradeCheck = 1500;
				TargetAttributes = {
					8A23B1352C57BF4400155D9A = {
						CreatedOnToolsVersion = 15.0.1;
					};
					8A23B1452C57BF4600155D9A = {
						CreatedOnToolsVersion = 15.0.1;
						TestTargetID = 8A23B1352C57BF4400155D9A;
					};
					8A23B14F2C57BF4600155D9A = {
						CreatedOnToolsVersion = 15.0.1;
						TestTargetID = 8A23B1352C57BF4400155D9A;
					};
				};
			};
			buildConfigurationList = 8A23B1312C57BF4400155D9A /* Build configuration list for PBXProject "CanvasBlogDemo" */;
			compatibilityVersion = "Xcode 14.0";
			developmentRegion = en;
			hasScannedForEncodings = 0;
			knownRegions = (
				en,
				Base,
			);
			mainGroup = 8A23B12D2C57BF4400155D9A;
			productRefGroup = 8A23B1372C57BF4400155D9A /* Products */;
			projectDirPath = "";
			projectRoot = "";
			targets = (
				8A23B1352C57BF4400155D9A /* CanvasBlogDemo */,
				8A23B1452C57BF4600155D9A /* CanvasBlogDemoTests */,
				8A23B14F2C57BF4600155D9A /* CanvasBlogDemoUITests */,
			);
		};
/* End PBXProject section */

/* Begin PBXResourcesBuildPhase section */
		8A23B1342C57BF4400155D9A /* Resources */ = {
			isa = PBXResourcesBuildPhase;
			buildActionMask = 2147483647;
			files = (
				8A23B1412C57BF4500155D9A /* Preview Assets.xcassets in Resources */,
				8A23B13E2C57BF4500155D9A /* Assets.xcassets in Resources */,
			);
			runOnlyForDeploymentPostprocessing = 0;
		};
		8A23B1442C57BF4600155D9A /* Resources */ = {
			isa = PBXResourcesBuildPhase;
			buildActionMask = 2147483647;
			files = (
			);
			runOnlyForDeploymentPostprocessing = 0;
		};
		8A23B14E2C57BF4600155D9A /* Resources */ = {
			isa = PBXResourcesBuildPhase;
			buildActionMask = 2147483647;
			files = (
			);
			runOnlyForDeploymentPostprocessing = 0;
		};
/* End PBXResourcesBuildPhase section */

/* Begin PBXSourcesBuildPhase section */
		8A23B1322C57BF4400155D9A /* Sources */ = {
			isa = PBXSourcesBuildPhase;
			buildActionMask = 2147483647;
			files = (
				8A23B13C2C57BF4400155D9A /* ContentView.swift in Sources */,
				8A23B13A2C57BF4400155D9A /* CanvasBlogDemoApp.swift in Sources */,
			);
			runOnlyForDeploymentPostprocessing = 0;
		};
		8A23B1422C57BF4600155D9A /* Sources */ = {
			isa = PBXSourcesBuildPhase;
			buildActionMask = 2147483647;
			files = (
				8A23B14B2C57BF4600155D9A /* CanvasBlogDemoTests.swift in Sources */,
			);
			runOnlyForDeploymentPostprocessing = 0;
		};
		8A23B14C2C57BF4600155D9A /* Sources */ = {
			isa = PBXSourcesBuildPhase;
			buildActionMask = 2147483647;
			files = (
				8A23B1552C57BF4600155D9A /* CanvasBlogDemoUITests.swift in Sources */,
				8A23B1572C57BF4600155D9A /* CanvasBlogDemoUITestsLaunchTests.swift in Sources */,
			);
			runOnlyForDeploymentPostprocessing = 0;
		};
/* End PBXSourcesBuildPhase section */

/* Begin PBXTargetDependency section */
		8A23B1482C57BF4600155D9A /* PBXTargetDependency */ = {
			isa = PBXTargetDependency;
			target = 8A23B1352C57BF4400155D9A /* CanvasBlogDemo */;
			targetProxy = 8A23B1472C57BF4600155D9A /* PBXContainerItemProxy */;
		};
		8A23B1522C57BF4600155D9A /* PBXTargetDependency */ = {
			isa = PBXTargetDependency;
			target = 8A23B1352C57BF4400155D9A /* CanvasBlogDemo */;
			targetProxy = 8A23B1512C57BF4600155D9A /* PBXContainerItemProxy */;
		};
/* End PBXTargetDependency section */

/* Begin XCBuildConfiguration section */
		8A23B1582C57BF4600155D9A /* Debug */ = {
			isa = XCBuildConfiguration;
			buildSettings = {
				ALWAYS_SEARCH_USER_PATHS = NO;
				ASSETCATALOG_COMPILER_GENERATE_SWIFT_ASSET_SYMBOL_EXTENSIONS = YES;
				CLANG_ANALYZER_NONNULL = YES;
				CLANG_ANALYZER_NUMBER_OBJECT_CONVERSION = YES_AGGRESSIVE;
				CLANG_CXX_LANGUAGE_STANDARD = "gnu++20";
				CLANG_ENABLE_MODULES = YES;
				CLANG_ENABLE_OBJC_ARC = YES;
				CLANG_ENABLE_OBJC_WEAK = YES;
				CLANG_WARN_BLOCK_CAPTURE_AUTORELEASING = YES;
				CLANG_WARN_BOOL_CONVERSION = YES;
				CLANG_WARN_COMMA = YES;
				CLANG_WARN_CONSTANT_CONVERSION = YES;
				CLANG_WARN_DEPRECATED_OBJC_IMPLEMENTATIONS = YES;
				CLANG_WARN_DIRECT_OBJC_ISA_USAGE = YES_ERROR;
				CLANG_WARN_DOCUMENTATION_COMMENTS = YES;
				CLANG_WARN_EMPTY_BODY = YES;
				CLANG_WARN_ENUM_CONVERSION = YES;
				CLANG_WARN_INFINITE_RECURSION = YES;
				CLANG_WARN_INT_CONVERSION = YES;
				CLANG_WARN_NON_LITERAL_NULL_CONVERSION = YES;
				CLANG_WARN_OBJC_IMPLICIT_RETAIN_SELF = YES;
				CLANG_WARN_OBJC_LITERAL_CONVERSION = YES;
				CLANG_WARN_OBJC_ROOT_CLASS = YES_ERROR;
				CLANG_WARN_QUOTED_INCLUDE_IN_FRAMEWORK_HEADER = YES;
				CLANG_WARN_RANGE_LOOP_ANALYSIS = YES;
				CLANG_WARN_STRICT_PROTOTYPES = YES;
				CLANG_WARN_SUSPICIOUS_MOVE = YES;
				CLANG_WARN_UNGUARDED_AVAILABILITY = YES_AGGRESSIVE;
				CLANG_WARN_UNREACHABLE_CODE = YES;
				CLANG_WARN__DUPLICATE_METHOD_MATCH = YES;
				COPY_PHASE_STRIP = NO;
				DEBUG_INFORMATION_FORMAT = dwarf;
				ENABLE_STRICT_OBJC_MSGSEND = YES;
				ENABLE_TESTABILITY = YES;
				ENABLE_USER_SCRIPT_SANDBOXING = YES;
				GCC_C_LANGUAGE_STANDARD = gnu17;
				GCC_DYNAMIC_NO_PIC = NO;
				GCC_NO_COMMON_BLOCKS = YES;
				GCC_OPTIMIZATION_LEVEL = 0;
				GCC_PREPROCESSOR_DEFINITIONS = (
					"DEBUG=1",
					"$(inherited)",
				);
				GCC_WARN_64_TO_32_BIT_CONVERSION = YES;
				GCC_WARN_ABOUT_RETURN_TYPE = YES_ERROR;
				GCC_WARN_UNDECLARED_SELECTOR = YES;
				GCC_WARN_UNINITIALIZED_AUTOS = YES_AGGRESSIVE;
				GCC_WARN_UNUSED_FUNCTION = YES;
				GCC_WARN_UNUSED_VARIABLE = YES;
				IPHONEOS_DEPLOYMENT_TARGET = 17.0;
				LOCALIZATION_PREFERS_STRING_CATALOGS = YES;
				MTL_ENABLE_DEBUG_INFO = INCLUDE_SOURCE;
				MTL_FAST_MATH = YES;
				ONLY_ACTIVE_ARCH = YES;
				SDKROOT = iphoneos;
				SWIFT_ACTIVE_COMPILATION_CONDITIONS = "DEBUG $(inherited)";
				SWIFT_OPTIMIZATION_LEVEL = "-Onone";
			};
			name = Debug;
		};
		8A23B1592C57BF4600155D9A /* Release */ = {
			isa = XCBuildConfiguration;
			buildSettings = {
				ALWAYS_SEARCH_USER_PATHS = NO;
				ASSETCATALOG_COMPILER_GENERATE_SWIFT_ASSET_SYMBOL_EXTENSIONS = YES;
				CLANG_ANALYZER_NONNULL = YES;
				CLANG_ANALYZER_NUMBER_OBJECT_CONVERSION = YES_AGGRESSIVE;
				CLANG_CXX_LANGUAGE_STANDARD = "gnu++20";
				CLANG_ENABLE_MODULES = YES;
				CLANG_ENABLE_OBJC_ARC = YES;
				CLANG_ENABLE_OBJC_WEAK = YES;
				CLANG_WARN_BLOCK_CAPTURE_AUTORELEASING = YES;
				CLANG_WARN_BOOL_CONVERSION = YES;
				CLANG_WARN_COMMA = YES;
				CLANG_WARN_CONSTANT_CONVERSION = YES;
				CLANG_WARN_DEPRECATED_OBJC_IMPLEMENTATIONS = YES;
				CLANG_WARN_DIRECT_OBJC_ISA_USAGE = YES_ERROR;
				CLANG_WARN_DOCUMENTATION_COMMENTS = YES;
				CLANG_WARN_EMPTY_BODY = YES;
				CLANG_WARN_ENUM_CONVERSION = YES;
				CLANG_WARN_INFINITE_RECURSION = YES;
				CLANG_WARN_INT_CONVERSION = YES;
				CLANG_WARN_NON_LITERAL_NULL_CONVERSION = YES;
				CLANG_WARN_OBJC_IMPLICIT_RETAIN_SELF = YES;
				CLANG_WARN_OBJC_LITERAL_CONVERSION = YES;
				CLANG_WARN_OBJC_ROOT_CLASS = YES_ERROR;
				CLANG_WARN_QUOTED_INCLUDE_IN_FRAMEWORK_HEADER = YES;
				CLANG_WARN_RANGE_LOOP_ANALYSIS = YES;
				CLANG_WARN_STRICT_PROTOTYPES = YES;
				CLANG_WARN_SUSPICIOUS_MOVE = YES;
				CLANG_WARN_UNGUARDED_AVAILABILITY = YES_AGGRESSIVE;
				CLANG_WARN_UNREACHABLE_CODE = YES;
				CLANG_WARN__DUPLICATE_METHOD_MATCH = YES;
				COPY_PHASE_STRIP = NO;
				DEBUG_INFORMATION_FORMAT = "dwarf-with-dsym";
				ENABLE_NS_ASSERTIONS = NO;
				ENABLE_STRICT_OBJC_MSGSEND = YES;
				ENABLE_USER_SCRIPT_SANDBOXING = YES;
				GCC_C_LANGUAGE_STANDARD = gnu17;
				GCC_NO_COMMON_BLOCKS = YES;
				GCC_WARN_64_TO_32_BIT_CONVERSION = YES;
				GCC_WARN_ABOUT_RETURN_TYPE = YES_ERROR;
				GCC_WARN_UNDECLARED_SELECTOR = YES;
				GCC_WARN_UNINITIALIZED_AUTOS = YES_AGGRESSIVE;
				GCC_WARN_UNUSED_FUNCTION = YES;
				GCC_WARN_UNUSED_VARIABLE = YES;
				IPHONEOS_DEPLOYMENT_TARGET = 17.0;
				LOCALIZATION_PREFERS_STRING_CATALOGS = YES;
				MTL_ENABLE_DEBUG_INFO = NO;
				MTL_FAST_MATH = YES;
				SDKROOT = iphoneos;
				SWIFT_COMPILATION_MODE = wholemodule;
				VALIDATE_PRODUCT = YES;
			};
			name = Release;
		};
		8A23B15B2C57BF4600155D9A /* Debug */ = {
			isa = XCBuildConfiguration;
			buildSettings = {
				ASSETCATALOG_COMPILER_APPICON_NAME = AppIcon;
				ASSETCATALOG_COMPILER_GLOBAL_ACCENT_COLOR_NAME = AccentColor;
				CODE_SIGN_STYLE = Automatic;
				CURRENT_PROJECT_VERSION = 1;
				DEVELOPMENT_ASSET_PATHS = "\"CanvasBlogDemo/Preview Content\"";
				ENABLE_PREVIEWS = YES;
				GENERATE_INFOPLIST_FILE = YES;
				INFOPLIST_KEY_UIApplicationSceneManifest_Generation = YES;
				INFOPLIST_KEY_UIApplicationSupportsIndirectInputEvents = YES;
				INFOPLIST_KEY_UILaunchScreen_Generation = YES;
				INFOPLIST_KEY_UISupportedInterfaceOrientations_iPad = "UIInterfaceOrientationPortrait UIInterfaceOrientationPortraitUpsideDown UIInterfaceOrientationLandscapeLeft UIInterfaceOrientationLandscapeRight";
				INFOPLIST_KEY_UISupportedInterfaceOrientations_iPhone = "UIInterfaceOrientationPortrait UIInterfaceOrientationLandscapeLeft UIInterfaceOrientationLandscapeRight";
				LD_RUNPATH_SEARCH_PATHS = (
					"$(inherited)",
					"@executable_path/Frameworks",
				);
				MARKETING_VERSION = 1.0;
				PRODUCT_BUNDLE_IDENTIFIER = com.ua.CanvasBlogDemo;
				PRODUCT_NAME = "$(TARGET_NAME)";
				SWIFT_EMIT_LOC_STRINGS = YES;
				SWIFT_VERSION = 5.0;
				TARGETED_DEVICE_FAMILY = "1,2";
			};
			name = Debug;
		};
		8A23B15C2C57BF4600155D9A /* Release */ = {
			isa = XCBuildConfiguration;
			buildSettings = {
				ASSETCATALOG_COMPILER_APPICON_NAME = AppIcon;
				ASSETCATALOG_COMPILER_GLOBAL_ACCENT_COLOR_NAME = AccentColor;
				CODE_SIGN_STYLE = Automatic;
				CURRENT_PROJECT_VERSION = 1;
				DEVELOPMENT_ASSET_PATHS = "\"CanvasBlogDemo/Preview Content\"";
				ENABLE_PREVIEWS = YES;
				GENERATE_INFOPLIST_FILE = YES;
				INFOPLIST_KEY_UIApplicationSceneManifest_Generation = YES;
				INFOPLIST_KEY_UIApplicationSupportsIndirectInputEvents = YES;
				INFOPLIST_KEY_UILaunchScreen_Generation = YES;
				INFOPLIST_KEY_UISupportedInterfaceOrientations_iPad = "UIInterfaceOrientationPortrait UIInterfaceOrientationPortraitUpsideDown UIInterfaceOrientationLandscapeLeft UIInterfaceOrientationLandscapeRight";
				INFOPLIST_KEY_UISupportedInterfaceOrientations_iPhone = "UIInterfaceOrientationPortrait UIInterfaceOrientationLandscapeLeft UIInterfaceOrientationLandscapeRight";
				LD_RUNPATH_SEARCH_PATHS = (
					"$(inherited)",
					"@executable_path/Frameworks",
				);
				MARKETING_VERSION = 1.0;
				PRODUCT_BUNDLE_IDENTIFIER = com.ua.CanvasBlogDemo;
				PRODUCT_NAME = "$(TARGET_NAME)";
				SWIFT_EMIT_LOC_STRINGS = YES;
				SWIFT_VERSION = 5.0;
				TARGETED_DEVICE_FAMILY = "1,2";
			};
			name = Release;
		};
		8A23B15E2C57BF4600155D9A /* Debug */ = {
			isa = XCBuildConfiguration;
			buildSettings = {
				ALWAYS_EMBED_SWIFT_STANDARD_LIBRARIES = YES;
				BUNDLE_LOADER = "$(TEST_HOST)";
				CODE_SIGN_STYLE = Automatic;
				CURRENT_PROJECT_VERSION = 1;
				GENERATE_INFOPLIST_FILE = YES;
				IPHONEOS_DEPLOYMENT_TARGET = 17.0;
				MARKETING_VERSION = 1.0;
				PRODUCT_BUNDLE_IDENTIFIER = com.ua.CanvasBlogDemoTests;
				PRODUCT_NAME = "$(TARGET_NAME)";
				SWIFT_EMIT_LOC_STRINGS = NO;
				SWIFT_VERSION = 5.0;
				TARGETED_DEVICE_FAMILY = "1,2";
				TEST_HOST = "$(BUILT_PRODUCTS_DIR)/CanvasBlogDemo.app/$(BUNDLE_EXECUTABLE_FOLDER_PATH)/CanvasBlogDemo";
			};
			name = Debug;
		};
		8A23B15F2C57BF4600155D9A /* Release */ = {
			isa = XCBuildConfiguration;
			buildSettings = {
				ALWAYS_EMBED_SWIFT_STANDARD_LIBRARIES = YES;
				BUNDLE_LOADER = "$(TEST_HOST)";
				CODE_SIGN_STYLE = Automatic;
				CURRENT_PROJECT_VERSION = 1;
				GENERATE_INFOPLIST_FILE = YES;
				IPHONEOS_DEPLOYMENT_TARGET = 17.0;
				MARKETING_VERSION = 1.0;
				PRODUCT_BUNDLE_IDENTIFIER = com.ua.CanvasBlogDemoTests;
				PRODUCT_NAME = "$(TARGET_NAME)";
				SWIFT_EMIT_LOC_STRINGS = NO;
				SWIFT_VERSION = 5.0;
				TARGETED_DEVICE_FAMILY = "1,2";
				TEST_HOST = "$(BUILT_PRODUCTS_DIR)/CanvasBlogDemo.app/$(BUNDLE_EXECUTABLE_FOLDER_PATH)/CanvasBlogDemo";
			};
			name = Release;
		};
		8A23B1612C57BF4600155D9A /* Debug */ = {
			isa = XCBuildConfiguration;
			buildSettings = {
				ALWAYS_EMBED_SWIFT_STANDARD_LIBRARIES = YES;
				CODE_SIGN_STYLE = Automatic;
				CURRENT_PROJECT_VERSION = 1;
				GENERATE_INFOPLIST_FILE = YES;
				MARKETING_VERSION = 1.0;
				PRODUCT_BUNDLE_IDENTIFIER = com.ua.CanvasBlogDemoUITests;
				PRODUCT_NAME = "$(TARGET_NAME)";
				SWIFT_EMIT_LOC_STRINGS = NO;
				SWIFT_VERSION = 5.0;
				TARGETED_DEVICE_FAMILY = "1,2";
				TEST_TARGET_NAME = CanvasBlogDemo;
			};
			name = Debug;
		};
		8A23B1622C57BF4600155D9A /* Release */ = {
			isa = XCBuildConfiguration;
			buildSettings = {
				ALWAYS_EMBED_SWIFT_STANDARD_LIBRARIES = YES;
				CODE_SIGN_STYLE = Automatic;
				CURRENT_PROJECT_VERSION = 1;
				GENERATE_INFOPLIST_FILE = YES;
				MARKETING_VERSION = 1.0;
				PRODUCT_BUNDLE_IDENTIFIER = com.ua.CanvasBlogDemoUITests;
				PRODUCT_NAME = "$(TARGET_NAME)";
				SWIFT_EMIT_LOC_STRINGS = NO;
				SWIFT_VERSION = 5.0;
				TARGETED_DEVICE_FAMILY = "1,2";
				TEST_TARGET_NAME = CanvasBlogDemo;
			};
			name = Release;
		};
/* End XCBuildConfiguration section */

/* Begin XCConfigurationList section */
		8A23B1312C57BF4400155D9A /* Build configuration list for PBXProject "CanvasBlogDemo" */ = {
			isa = XCConfigurationList;
			buildConfigurations = (
				8A23B1582C57BF4600155D9A /* Debug */,
				8A23B1592C57BF4600155D9A /* Release */,
			);
			defaultConfigurationIsVisible = 0;
			defaultConfigurationName = Release;
		};
		8A23B15A2C57BF4600155D9A /* Build configuration list for PBXNativeTarget "CanvasBlogDemo" */ = {
			isa = XCConfigurationList;
			buildConfigurations = (
				8A23B15B2C57BF4600155D9A /* Debug */,
				8A23B15C2C57BF4600155D9A /* Release */,
			);
			defaultConfigurationIsVisible = 0;
			defaultConfigurationName = Release;
		};
		8A23B15D2C57BF4600155D9A /* Build configuration list for PBXNativeTarget "CanvasBlogDemoTests" */ = {
			isa = XCConfigurationList;
			buildConfigurations = (
				8A23B15E2C57BF4600155D9A /* Debug */,
				8A23B15F2C57BF4600155D9A /* Release */,
			);
			defaultConfigurationIsVisible = 0;
			defaultConfigurationName = Release;
		};
		8A23B1602C57BF4600155D9A /* Build configuration list for PBXNativeTarget "CanvasBlogDemoUITests" */ = {
			isa = XCConfigurationList;
			buildConfigurations = (
				8A23B1612C57BF4600155D9A /* Debug */,
				8A23B1622C57BF4600155D9A /* Release */,
			);
			defaultConfigurationIsVisible = 0;
			defaultConfigurationName = Release;
		};
/* End XCConfigurationList section */
	};
	rootObject = 8A23B12E2C57BF4400155D9A /* Project object */;
}
